{
  "version": 4,
  "terraform_version": "1.14.3",
  "serial": 4,
  "lineage": "443b66ae-fc63-f712-b5d5-d467a2a0b49f",
  "outputs": {
    "public_ip": {
      "value": "13.218.86.212",
      "type": "string"
    }
  },
  "resources": [
    {
      "mode": "managed",
      "type": "aws_instance",
      "name": "kn_ec2",
      "provider": "provider[\"registry.terraform.io/hashicorp/aws\"]",
      "instances": [
        {
          "schema_version": 1,
          "attributes": {
            "ami": "ami-0c02fb55956c7d316",
            "arn": "arn:aws:ec2:us-east-1:679336465006:instance/i-03f116e53705f827b",
            "associate_public_ip_address": true,
            "availability_zone": "us-east-1c",
            "capacity_reservation_specification": [
              {
                "capacity_reservation_preference": "open",
                "capacity_reservation_target": []
              }
            ],
            "cpu_core_count": 1,
            "cpu_options": [
              {
                "amd_sev_snp": "",
                "core_count": 1,
                "threads_per_core": 2
              }
            ],
            "cpu_threads_per_core": 2,
            "credit_specification": [
              {
                "cpu_credits": "unlimited"
              }
            ],
            "disable_api_stop": false,
            "disable_api_termination": false,
            "ebs_block_device": [],
            "ebs_optimized": false,
            "enable_primary_ipv6": null,
            "enclave_options": [
              {
                "enabled": false
              }
            ],
            "ephemeral_block_device": [],
            "get_password_data": false,
            "hibernation": false,
            "host_id": "",
            "host_resource_group_arn": null,
            "iam_instance_profile": "",
            "id": "i-03f116e53705f827b",
            "instance_initiated_shutdown_behavior": "stop",
            "instance_lifecycle": "",
            "instance_market_options": [],
            "instance_state": "running",
            "instance_type": "t3.medium",
            "ipv6_address_count": 0,
            "ipv6_addresses": [],
            "key_name": "terraform-demo-key",
            "launch_template": [],
            "maintenance_options": [
              {
                "auto_recovery": "default"
              }
            ],
            "metadata_options": [
              {
                "http_endpoint": "enabled",
                "http_protocol_ipv6": "disabled",
                "http_put_response_hop_limit": 1,
                "http_tokens": "optional",
                "instance_metadata_tags": "disabled"
              }
            ],
            "monitoring": false,
            "network_interface": [],
            "outpost_arn": "",
            "password_data": "",
            "placement_group": "",
            "placement_partition_number": 0,
            "primary_network_interface_id": "eni-008fa9cc9e60d411f",
            "private_dns": "ip-172-31-23-105.ec2.internal",
            "private_dns_name_options": [
              {
                "enable_resource_name_dns_a_record": false,
                "enable_resource_name_dns_aaaa_record": false,
                "hostname_type": "ip-name"
              }
            ],
            "private_ip": "172.31.23.105",
            "public_dns": "ec2-13-218-86-212.compute-1.amazonaws.com",
            "public_ip": "13.218.86.212",
            "root_block_device": [
              {
                "delete_on_termination": true,
                "device_name": "/dev/xvda",
                "encrypted": false,
                "iops": 100,
                "kms_key_id": "",
                "tags": {},
                "tags_all": {},
                "throughput": 0,
                "volume_id": "vol-02d26b0f88a0c6c66",
                "volume_size": 8,
                "volume_type": "gp2"
              }
            ],
            "secondary_private_ips": [],
            "security_groups": [
              "allow_http_ssh"
            ],
            "source_dest_check": true,
            "spot_instance_request_id": "",
            "subnet_id": "subnet-088534d1195f48a38",
            "tags": {
              "Name": "Terraform-Docker-EC2"
            },
            "tags_all": {
              "Name": "Terraform-Docker-EC2"
            },
            "tenancy": "default",
            "timeouts": null,
            "user_data": "2c36ef037fe77ddfea206dc7a0434a6b6be694e2",
            "user_data_base64": null,
            "user_data_replace_on_change": false,
            "volume_tags": null,
            "vpc_security_group_ids": [
              "sg-0a434ef436bb1c24c"
            ]
          },
          "sensitive_attributes": [],
          "identity_schema_version": 0,
          "private": "eyJlMmJmYjczMC1lY2FhLTExZTYtOGY4OC0zNDM2M2JjN2M0YzAiOnsiY3JlYXRlIjo2MDAwMDAwMDAwMDAsImRlbGV0ZSI6MTIwMDAwMDAwMDAwMCwicmVhZCI6OTAwMDAwMDAwMDAwLCJ1cGRhdGUiOjYwMDAwMDAwMDAwMH0sInNjaGVtYV92ZXJzaW9uIjoiMSJ9",
          "dependencies": [
            "aws_key_pair.demo_key",
            "aws_security_group.allow_http_ssh"
          ]
        }
      ]
    },
    {
      "mode": "managed",
      "type": "aws_key_pair",
      "name": "demo_key",
      "provider": "provider[\"registry.terraform.io/hashicorp/aws\"]",
      "instances": [
        {
          "schema_version": 1,
          "attributes": {
            "arn": "arn:aws:ec2:us-east-1:679336465006:key-pair/terraform-demo-key",
            "fingerprint": "be:50:6e:99:12:e9:5a:59:cc:f5:e7:40:fd:18:d5:19",
            "id": "terraform-demo-key",
            "key_name": "terraform-demo-key",
            "key_name_prefix": "",
            "key_pair_id": "key-084c1b5122885aef3",
            "key_type": "rsa",
            "public_key": "ssh-rsa AAAAB3NzaC1yc2EAAAADAQABAAACAQCrtaRpDkOIEA3THAduN6VMf9QmsBMZHxDR6L/fwoDk2wt0SywMmLFSNnmxGjQdm0f6GQu4YK5tCmBH8TtHmqp95bCWBl/zqrNElD1PZcbEbaCCQgDgzhiGSvogenxETDHJMzJfdpjpJDE6zA2FTjyoMRTlMHHgCbrF5u/JKllKVvRNNTBmfA0Vg95RVycP3OVH8SupnFmTl9qBdExuV+wi8ITi3eGxBjl5zDFnM0y3QaFIPlrc3bgjD059WpLkRc8TQtlP+0fiYV4kq9dtxokVpoSQFi9YTvK6+GNbqwv9ImIeoaU+GG1fv0obBzf7fZB+aHqGapNck9p7ZKF54OpTEsOBaUjkTkcYi4aTPTqB/myjZqQsHecHRF9rPwVt+dKpfpFwpwK5rhbxnLuQhw2+Vcg2rI2p4QEu77vSDD5AqhnlHPzP/n2x1LO7i2KHMcWoVUNaf9CK1sGKrYnzZGCBMFsytwZDG9xmTqeHo8kU1Q4H0nT/7dQKBx/1S0LjUeYvQPSAVon1gQ1r8B48/3Q+1hpKI37Iaf1ylr7TySr8q5PYZpEtcfQT0T6D6uk+M0lEH8YMMGwgxYPVpO6A9sKVAu4zGjFbKuZS4HdlFefkULSkhW1hCbgRkoxB4cuevE5L619G8c1L5lGCxPgg5DIHn23pvRv/BzDe5mwlWfjq/w== admin@Surface",
            "tags": null,
            "tags_all": {}
          },
          "sensitive_attributes": [],
          "identity_schema_version": 0,
          "private": "eyJzY2hlbWFfdmVyc2lvbiI6IjEifQ=="
        }
      ]
    },
    {
      "mode": "managed",
      "type": "aws_security_group",
      "name": "allow_http_ssh",
      "provider": "provider[\"registry.terraform.io/hashicorp/aws\"]",
      "instances": [
        {
          "schema_version": 1,
          "attributes": {
            "arn": "arn:aws:ec2:us-east-1:679336465006:security-group/sg-0a434ef436bb1c24c",
            "description": "Allow HTTP ports 8082/8088 and SSH port 22",
            "egress": [
              {
                "cidr_blocks": [
                  "0.0.0.0/0"
                ],
                "description": "",
                "from_port": 0,
                "ipv6_cidr_blocks": [],
                "prefix_list_ids": [],
                "protocol": "-1",
                "security_groups": [],
                "self": false,
                "to_port": 0
              }
            ],
            "id": "sg-0a434ef436bb1c24c",
            "ingress": [
              {
                "cidr_blocks": [
                  "0.0.0.0/0"
                ],
                "description": "",
                "from_port": 22,
                "ipv6_cidr_blocks": [],
                "prefix_list_ids": [],
                "protocol": "tcp",
                "security_groups": [],
                "self": false,
                "to_port": 22
              },
              {
                "cidr_blocks": [
                  "0.0.0.0/0"
                ],
                "description": "",
                "from_port": 8082,
                "ipv6_cidr_blocks": [],
                "prefix_list_ids": [],
                "protocol": "tcp",
                "security_groups": [],
                "self": false,
                "to_port": 8082
              },
              {
                "cidr_blocks": [
                  "0.0.0.0/0"
                ],
                "description": "",
                "from_port": 8088,
                "ipv6_cidr_blocks": [],
                "prefix_list_ids": [],
                "protocol": "tcp",
                "security_groups": [],
                "self": false,
                "to_port": 8088
              }
            ],
            "name": "allow_http_ssh",
            "name_prefix": "",
            "owner_id": "679336465006",
            "revoke_rules_on_delete": false,
            "tags": null,
            "tags_all": {},
            "timeouts": null,
            "vpc_id": "vpc-0f8a460940412318d"
          },
          "sensitive_attributes": [],
          "identity_schema_version": 0,
          "private": "eyJlMmJmYjczMC1lY2FhLTExZTYtOGY4OC0zNDM2M2JjN2M0YzAiOnsiY3JlYXRlIjo2MDAwMDAwMDAwMDAsImRlbGV0ZSI6OTAwMDAwMDAwMDAwfSwic2NoZW1hX3ZlcnNpb24iOiIxIn0="
        }
      ]
    }
  ],
  "check_results": null
}
